github.com/CaiJimmy/hugo-theme-stack/v4 v4.0.0-beta.7 h1:E+WNMJsBkIS3r80GKA6SdTCmrs5g8Nysc/bN+UwBtgU=
github.com/CaiJimmy/hugo-theme-stack/v4 v4.0.0-beta.7/go.mod h1:6SWZIQIut6uVjxhLraexYzgtdNDrod0xnfM/to6D/1I=
github.com/mfg92/hugo-shortcode-gallery v1.4.0 h1:QS6L448HSnMSJwnH4HY+euTemuK1Dsq6lfYIRU8cLV4=
github.com/mfg92/hugo-shortcode-gallery v1.4.0/go.mod h1:SEdbeBGSMX2lP+4nCqqy9AyTWWktUMWXYnR3r1l01Rw=
